// !$*UTF8*$!
{
	archiveVersion = 1;
	classes = {
	};
	objectVersion = 48;
	objects = {

/* Begin PBXAggregateTarget section */
		"RxCBCentral::RxCBCentralPackageTests::ProductTarget" /* RxCBCentralPackageTests */ = {
			isa = PBXAggregateTarget;
			buildConfigurationList = OBJ_453 /* Build configuration list for PBXAggregateTarget "RxCBCentralPackageTests" */;
			buildPhases = (
			);
			dependencies = (
			);
			name = RxCBCentralPackageTests;
			productName = RxCBCentralPackageTests;
		};
/* End PBXAggregateTarget section */

/* Begin PBXBuildFile section */
		51D410B9252E70C3005681AD /* RxSwift.framework in Frameworks */ = {isa = PBXBuildFile; fileRef = 51D41090252E701D005681AD /* RxSwift.framework */; };
		51D4110D252E75AC005681AD /* RxCocoa.framework in Frameworks */ = {isa = PBXBuildFile; fileRef = 51D4110C252E75AC005681AD /* RxCocoa.framework */; };
		51D4111D252E75B1005681AD /* RxCocoaRuntime.framework in Frameworks */ = {isa = PBXBuildFile; fileRef = 51D4111C252E75B1005681AD /* RxCocoaRuntime.framework */; };
		51D41138252E75C6005681AD /* RxOptional.framework in Frameworks */ = {isa = PBXBuildFile; fileRef = 51D41137252E75C6005681AD /* RxOptional.framework */; };
		51D41153252E75D5005681AD /* RxRelay.framework in Frameworks */ = {isa = PBXBuildFile; fileRef = 51D41152252E75D5005681AD /* RxRelay.framework */; };
		51D4116E252E75E5005681AD /* RxTest.framework in Frameworks */ = {isa = PBXBuildFile; fileRef = 51D4116D252E75E5005681AD /* RxTest.framework */; };
		51D411D5252E7DF4005681AD /* RxBlocking.framework in Frameworks */ = {isa = PBXBuildFile; fileRef = 51D410E2252E7597005681AD /* RxBlocking.framework */; };
		51D411D6252E7DF4005681AD /* RxBlocking.framework in Embed Frameworks */ = {isa = PBXBuildFile; fileRef = 51D410E2252E7597005681AD /* RxBlocking.framework */; settings = {ATTRIBUTES = (CodeSignOnCopy, RemoveHeadersOnCopy, ); }; };
		OBJ_395 /* RxSwift.framework in Frameworks */ = {isa = PBXBuildFile; fileRef = "RxSwift::RxSwift::Product" /* RxSwift.framework */; };
		OBJ_403 /* BluetoothDetectorType.swift in Sources */ = {isa = PBXBuildFile; fileRef = OBJ_9 /* BluetoothDetectorType.swift */; };
		OBJ_404 /* ConnectionManagerType.swift in Sources */ = {isa = PBXBuildFile; fileRef = OBJ_10 /* ConnectionManagerType.swift */; };
		OBJ_405 /* GattOperation.swift in Sources */ = {isa = PBXBuildFile; fileRef = OBJ_11 /* GattOperation.swift */; };
		OBJ_406 /* RxPeripheral.swift in Sources */ = {isa = PBXBuildFile; fileRef = OBJ_12 /* RxPeripheral.swift */; };
		OBJ_407 /* RxPeripheralManagerType.swift in Sources */ = {isa = PBXBuildFile; fileRef = OBJ_13 /* RxPeripheralManagerType.swift */; };
		OBJ_408 /* ScanMatching.swift in Sources */ = {isa = PBXBuildFile; fileRef = OBJ_14 /* ScanMatching.swift */; };
		OBJ_409 /* BluetoothDetector.swift in Sources */ = {isa = PBXBuildFile; fileRef = OBJ_17 /* BluetoothDetector.swift */; };
		OBJ_410 /* BluetoothDetectorOptions.swift in Sources */ = {isa = PBXBuildFile; fileRef = OBJ_18 /* BluetoothDetectorOptions.swift */; };
		OBJ_411 /* CBCentralManagerType.swift in Sources */ = {isa = PBXBuildFile; fileRef = OBJ_19 /* CBCentralManagerType.swift */; };
		OBJ_412 /* CBPeripheralType.swift in Sources */ = {isa = PBXBuildFile; fileRef = OBJ_20 /* CBPeripheralType.swift */; };
		OBJ_413 /* ConnectionManager.swift in Sources */ = {isa = PBXBuildFile; fileRef = OBJ_22 /* ConnectionManager.swift */; };
		OBJ_414 /* ConnectionManagerOptions.swift in Sources */ = {isa = PBXBuildFile; fileRef = OBJ_23 /* ConnectionManagerOptions.swift */; };
		OBJ_415 /* Read.swift in Sources */ = {isa = PBXBuildFile; fileRef = OBJ_25 /* Read.swift */; };
		OBJ_416 /* ReadRssi.swift in Sources */ = {isa = PBXBuildFile; fileRef = OBJ_26 /* ReadRssi.swift */; };
		OBJ_417 /* RegisterNotification.swift in Sources */ = {isa = PBXBuildFile; fileRef = OBJ_27 /* RegisterNotification.swift */; };
		OBJ_418 /* Write.swift in Sources */ = {isa = PBXBuildFile; fileRef = OBJ_28 /* Write.swift */; };
		OBJ_419 /* RxCentralDelegate.swift in Sources */ = {isa = PBXBuildFile; fileRef = OBJ_29 /* RxCentralDelegate.swift */; };
		OBJ_420 /* RxPeripheralImpl.swift in Sources */ = {isa = PBXBuildFile; fileRef = OBJ_30 /* RxPeripheralImpl.swift */; };
		OBJ_421 /* RxPeripheralManager.swift in Sources */ = {isa = PBXBuildFile; fileRef = OBJ_31 /* RxPeripheralManager.swift */; };
		OBJ_422 /* AdvertisementData.swift in Sources */ = {isa = PBXBuildFile; fileRef = OBJ_33 /* AdvertisementData.swift */; };
		OBJ_423 /* CentralScanner.swift in Sources */ = {isa = PBXBuildFile; fileRef = OBJ_34 /* CentralScanner.swift */; };
		OBJ_424 /* RxCBLogger.swift in Sources */ = {isa = PBXBuildFile; fileRef = OBJ_36 /* RxCBLogger.swift */; };
		OBJ_425 /* Mocks.swift in Sources */ = {isa = PBXBuildFile; fileRef = OBJ_38 /* Mocks.swift */; };
		OBJ_451 /* Package.swift in Sources */ = {isa = PBXBuildFile; fileRef = OBJ_6 /* Package.swift */; };
		OBJ_595 /* RxCocoaRuntime.framework in Frameworks */ = {isa = PBXBuildFile; fileRef = "RxSwift::RxCocoaRuntime::Product" /* RxCocoaRuntime.framework */; };
		OBJ_596 /* RxRelay.framework in Frameworks */ = {isa = PBXBuildFile; fileRef = "RxSwift::RxRelay::Product" /* RxRelay.framework */; };
		OBJ_597 /* RxSwift.framework in Frameworks */ = {isa = PBXBuildFile; fileRef = "RxSwift::RxSwift::Product" /* RxSwift.framework */; };
		OBJ_616 /* RxSwift.framework in Frameworks */ = {isa = PBXBuildFile; fileRef = "RxSwift::RxSwift::Product" /* RxSwift.framework */; };
		OBJ_630 /* RxCocoa.framework in Frameworks */ = {isa = PBXBuildFile; fileRef = "RxSwift::RxCocoa::Product" /* RxCocoa.framework */; };
		OBJ_631 /* RxCocoaRuntime.framework in Frameworks */ = {isa = PBXBuildFile; fileRef = "RxSwift::RxCocoaRuntime::Product" /* RxCocoaRuntime.framework */; };
		OBJ_632 /* RxRelay.framework in Frameworks */ = {isa = PBXBuildFile; fileRef = "RxSwift::RxRelay::Product" /* RxRelay.framework */; };
		OBJ_633 /* RxSwift.framework in Frameworks */ = {isa = PBXBuildFile; fileRef = "RxSwift::RxSwift::Product" /* RxSwift.framework */; };
		OBJ_653 /* RxSwift.framework in Frameworks */ = {isa = PBXBuildFile; fileRef = "RxSwift::RxSwift::Product" /* RxSwift.framework */; };
		OBJ_837 /* RxSwift.framework in Frameworks */ = {isa = PBXBuildFile; fileRef = "RxSwift::RxSwift::Product" /* RxSwift.framework */; };
/* End PBXBuildFile section */

/* Begin PBXContainerItemProxy section */
		518A68EF252E140C00BE6536 /* PBXContainerItemProxy */ = {
			isa = PBXContainerItemProxy;
			containerPortal = OBJ_1 /* Project object */;
			proxyType = 1;
			remoteGlobalIDString = "RxSwift::RxSwift";
			remoteInfo = RxSwift;
		};
		518A68F1252E140C00BE6536 /* PBXContainerItemProxy */ = {
			isa = PBXContainerItemProxy;
			containerPortal = OBJ_1 /* Project object */;
			proxyType = 1;
			remoteGlobalIDString = "RxSwift::RxSwift";
			remoteInfo = RxSwift;
		};
		518A68F3252E140C00BE6536 /* PBXContainerItemProxy */ = {
			isa = PBXContainerItemProxy;
			containerPortal = OBJ_1 /* Project object */;
			proxyType = 1;
			remoteGlobalIDString = "RxSwift::RxCocoa";
			remoteInfo = RxCocoa;
		};
		518A68F4252E140C00BE6536 /* PBXContainerItemProxy */ = {
			isa = PBXContainerItemProxy;
			containerPortal = OBJ_1 /* Project object */;
			proxyType = 1;
			remoteGlobalIDString = "RxSwift::RxCocoaRuntime";
			remoteInfo = RxCocoaRuntime;
		};
		518A68F5252E140C00BE6536 /* PBXContainerItemProxy */ = {
			isa = PBXContainerItemProxy;
			containerPortal = OBJ_1 /* Project object */;
			proxyType = 1;
			remoteGlobalIDString = "RxSwift::RxSwift";
			remoteInfo = RxSwift;
		};
		518A68F6252E140C00BE6536 /* PBXContainerItemProxy */ = {
			isa = PBXContainerItemProxy;
			containerPortal = OBJ_1 /* Project object */;
			proxyType = 1;
			remoteGlobalIDString = "RxSwift::RxRelay";
			remoteInfo = RxRelay;
		};
		518A68F7252E140C00BE6536 /* PBXContainerItemProxy */ = {
			isa = PBXContainerItemProxy;
			containerPortal = OBJ_1 /* Project object */;
			proxyType = 1;
			remoteGlobalIDString = "RxSwift::RxSwift";
			remoteInfo = RxSwift;
		};
		518A68F8252E140C00BE6536 /* PBXContainerItemProxy */ = {
			isa = PBXContainerItemProxy;
			containerPortal = OBJ_1 /* Project object */;
			proxyType = 1;
			remoteGlobalIDString = "RxSwift::RxSwift";
			remoteInfo = RxSwift;
		};
		518A68F9252E140C00BE6536 /* PBXContainerItemProxy */ = {
			isa = PBXContainerItemProxy;
			containerPortal = OBJ_1 /* Project object */;
			proxyType = 1;
			remoteGlobalIDString = "RxSwift::RxCocoaRuntime";
			remoteInfo = RxCocoaRuntime;
		};
		518A68FA252E140C00BE6536 /* PBXContainerItemProxy */ = {
			isa = PBXContainerItemProxy;
			containerPortal = OBJ_1 /* Project object */;
			proxyType = 1;
			remoteGlobalIDString = "RxSwift::RxRelay";
			remoteInfo = RxRelay;
		};
		518A68FB252E140C00BE6536 /* PBXContainerItemProxy */ = {
			isa = PBXContainerItemProxy;
			containerPortal = OBJ_1 /* Project object */;
			proxyType = 1;
			remoteGlobalIDString = "RxSwift::RxSwift";
			remoteInfo = RxSwift;
		};
		51D41081252E6FA2005681AD /* PBXContainerItemProxy */ = {
			isa = PBXContainerItemProxy;
			containerPortal = OBJ_1 /* Project object */;
			proxyType = 1;
			remoteGlobalIDString = "RxSwift::RxSwift";
			remoteInfo = RxSwift;
		};
/* End PBXContainerItemProxy section */

/* Begin PBXCopyFilesBuildPhase section */
		51D411D7252E7DF4005681AD /* Embed Frameworks */ = {
			isa = PBXCopyFilesBuildPhase;
			buildActionMask = 2147483647;
			dstPath = "";
			dstSubfolderSpec = 10;
			files = (
				51D411D6252E7DF4005681AD /* RxBlocking.framework in Embed Frameworks */,
			);
			name = "Embed Frameworks";
			runOnlyForDeploymentPostprocessing = 0;
		};
/* End PBXCopyFilesBuildPhase section */

/* Begin PBXFileReference section */
		51D41090252E701D005681AD /* RxSwift.framework */ = {isa = PBXFileReference; lastKnownFileType = wrapper.framework; name = RxSwift.framework; path = Carthage/Build/iOS/RxSwift.framework; sourceTree = "<group>"; };
		51D410E2252E7597005681AD /* RxBlocking.framework */ = {isa = PBXFileReference; lastKnownFileType = wrapper.framework; name = RxBlocking.framework; path = Carthage/Build/iOS/RxBlocking.framework; sourceTree = "<group>"; };
		51D4110C252E75AC005681AD /* RxCocoa.framework */ = {isa = PBXFileReference; lastKnownFileType = wrapper.framework; name = RxCocoa.framework; path = Carthage/Build/iOS/RxCocoa.framework; sourceTree = "<group>"; };
		51D4111C252E75B1005681AD /* RxCocoaRuntime.framework */ = {isa = PBXFileReference; lastKnownFileType = wrapper.framework; name = RxCocoaRuntime.framework; path = Carthage/Build/iOS/RxCocoaRuntime.framework; sourceTree = "<group>"; };
		51D41137252E75C6005681AD /* RxOptional.framework */ = {isa = PBXFileReference; lastKnownFileType = wrapper.framework; name = RxOptional.framework; path = Carthage/Build/iOS/RxOptional.framework; sourceTree = "<group>"; };
		51D41152252E75D5005681AD /* RxRelay.framework */ = {isa = PBXFileReference; lastKnownFileType = wrapper.framework; name = RxRelay.framework; path = Carthage/Build/iOS/RxRelay.framework; sourceTree = "<group>"; };
		51D4116D252E75E5005681AD /* RxTest.framework */ = {isa = PBXFileReference; lastKnownFileType = wrapper.framework; name = RxTest.framework; path = Carthage/Build/iOS/RxTest.framework; sourceTree = "<group>"; };
		OBJ_10 /* ConnectionManagerType.swift */ = {isa = PBXFileReference; lastKnownFileType = sourcecode.swift; path = ConnectionManagerType.swift; sourceTree = "<group>"; };
		OBJ_11 /* GattOperation.swift */ = {isa = PBXFileReference; lastKnownFileType = sourcecode.swift; path = GattOperation.swift; sourceTree = "<group>"; };
		OBJ_12 /* RxPeripheral.swift */ = {isa = PBXFileReference; lastKnownFileType = sourcecode.swift; path = RxPeripheral.swift; sourceTree = "<group>"; };
		OBJ_13 /* RxPeripheralManagerType.swift */ = {isa = PBXFileReference; lastKnownFileType = sourcecode.swift; path = RxPeripheralManagerType.swift; sourceTree = "<group>"; };
		OBJ_14 /* ScanMatching.swift */ = {isa = PBXFileReference; lastKnownFileType = sourcecode.swift; path = ScanMatching.swift; sourceTree = "<group>"; };
		OBJ_17 /* BluetoothDetector.swift */ = {isa = PBXFileReference; lastKnownFileType = sourcecode.swift; path = BluetoothDetector.swift; sourceTree = "<group>"; };
		OBJ_18 /* BluetoothDetectorOptions.swift */ = {isa = PBXFileReference; lastKnownFileType = sourcecode.swift; path = BluetoothDetectorOptions.swift; sourceTree = "<group>"; };
		OBJ_19 /* CBCentralManagerType.swift */ = {isa = PBXFileReference; lastKnownFileType = sourcecode.swift; path = CBCentralManagerType.swift; sourceTree = "<group>"; };
		OBJ_20 /* CBPeripheralType.swift */ = {isa = PBXFileReference; lastKnownFileType = sourcecode.swift; path = CBPeripheralType.swift; sourceTree = "<group>"; };
		OBJ_22 /* ConnectionManager.swift */ = {isa = PBXFileReference; lastKnownFileType = sourcecode.swift; path = ConnectionManager.swift; sourceTree = "<group>"; };
		OBJ_23 /* ConnectionManagerOptions.swift */ = {isa = PBXFileReference; lastKnownFileType = sourcecode.swift; path = ConnectionManagerOptions.swift; sourceTree = "<group>"; };
		OBJ_25 /* Read.swift */ = {isa = PBXFileReference; lastKnownFileType = sourcecode.swift; path = Read.swift; sourceTree = "<group>"; };
		OBJ_26 /* ReadRssi.swift */ = {isa = PBXFileReference; lastKnownFileType = sourcecode.swift; path = ReadRssi.swift; sourceTree = "<group>"; };
		OBJ_27 /* RegisterNotification.swift */ = {isa = PBXFileReference; lastKnownFileType = sourcecode.swift; path = RegisterNotification.swift; sourceTree = "<group>"; };
		OBJ_28 /* Write.swift */ = {isa = PBXFileReference; lastKnownFileType = sourcecode.swift; path = Write.swift; sourceTree = "<group>"; };
		OBJ_29 /* RxCentralDelegate.swift */ = {isa = PBXFileReference; lastKnownFileType = sourcecode.swift; path = RxCentralDelegate.swift; sourceTree = "<group>"; };
		OBJ_30 /* RxPeripheralImpl.swift */ = {isa = PBXFileReference; lastKnownFileType = sourcecode.swift; path = RxPeripheralImpl.swift; sourceTree = "<group>"; };
		OBJ_31 /* RxPeripheralManager.swift */ = {isa = PBXFileReference; lastKnownFileType = sourcecode.swift; path = RxPeripheralManager.swift; sourceTree = "<group>"; };
		OBJ_33 /* AdvertisementData.swift */ = {isa = PBXFileReference; lastKnownFileType = sourcecode.swift; path = AdvertisementData.swift; sourceTree = "<group>"; };
		OBJ_34 /* CentralScanner.swift */ = {isa = PBXFileReference; lastKnownFileType = sourcecode.swift; path = CentralScanner.swift; sourceTree = "<group>"; };
		OBJ_36 /* RxCBLogger.swift */ = {isa = PBXFileReference; lastKnownFileType = sourcecode.swift; path = RxCBLogger.swift; sourceTree = "<group>"; };
		OBJ_371 /* ExampleApp */ = {isa = PBXFileReference; lastKnownFileType = folder; path = ExampleApp; sourceTree = SOURCE_ROOT; };
		OBJ_372 /* Cartfile.resolved */ = {isa = PBXFileReference; lastKnownFileType = text; path = Cartfile.resolved; sourceTree = "<group>"; };
		OBJ_373 /* CODE_OF_CONDUCT.md */ = {isa = PBXFileReference; lastKnownFileType = net.daringfireball.markdown; path = CODE_OF_CONDUCT.md; sourceTree = "<group>"; };
		OBJ_374 /* RxCBCentral.podspec */ = {isa = PBXFileReference; lastKnownFileType = text; path = RxCBCentral.podspec; sourceTree = "<group>"; };
		OBJ_375 /* CHANGELOG.md */ = {isa = PBXFileReference; lastKnownFileType = net.daringfireball.markdown; path = CHANGELOG.md; sourceTree = "<group>"; };
		OBJ_376 /* Cartfile */ = {isa = PBXFileReference; lastKnownFileType = text; path = Cartfile; sourceTree = "<group>"; };
		OBJ_377 /* README.md */ = {isa = PBXFileReference; lastKnownFileType = net.daringfireball.markdown; path = README.md; sourceTree = "<group>"; };
		OBJ_378 /* CONTRIBUTING.md */ = {isa = PBXFileReference; lastKnownFileType = net.daringfireball.markdown; path = CONTRIBUTING.md; sourceTree = "<group>"; };
		OBJ_379 /* LICENSE.txt */ = {isa = PBXFileReference; lastKnownFileType = text; path = LICENSE.txt; sourceTree = "<group>"; };
		OBJ_38 /* Mocks.swift */ = {isa = PBXFileReference; lastKnownFileType = sourcecode.swift; path = Mocks.swift; sourceTree = "<group>"; };
		OBJ_41 /* BluetoothDetectorTests.swift */ = {isa = PBXFileReference; lastKnownFileType = sourcecode.swift; path = BluetoothDetectorTests.swift; sourceTree = "<group>"; };
		OBJ_42 /* ConnectionManagerTests.swift */ = {isa = PBXFileReference; lastKnownFileType = sourcecode.swift; path = ConnectionManagerTests.swift; sourceTree = "<group>"; };
		OBJ_43 /* RxPeripheralManagerTests.swift */ = {isa = PBXFileReference; lastKnownFileType = sourcecode.swift; path = RxPeripheralManagerTests.swift; sourceTree = "<group>"; };
		OBJ_44 /* RxPeripheralTests.swift */ = {isa = PBXFileReference; lastKnownFileType = sourcecode.swift; path = RxPeripheralTests.swift; sourceTree = "<group>"; };
		OBJ_45 /* XCTestManifests.swift */ = {isa = PBXFileReference; lastKnownFileType = sourcecode.swift; path = XCTestManifests.swift; sourceTree = "<group>"; };
		OBJ_6 /* Package.swift */ = {isa = PBXFileReference; explicitFileType = sourcecode.swift; path = Package.swift; sourceTree = "<group>"; };
		OBJ_9 /* BluetoothDetectorType.swift */ = {isa = PBXFileReference; lastKnownFileType = sourcecode.swift; path = BluetoothDetectorType.swift; sourceTree = "<group>"; };
		"RxCBCentral::RxCBCentral::Product" /* RxCBCentral.framework */ = {isa = PBXFileReference; explicitFileType = wrapper.framework; path = RxCBCentral.framework; sourceTree = BUILT_PRODUCTS_DIR; };
		"RxOptional::RxOptional::Product" /* RxOptional.framework */ = {isa = PBXFileReference; explicitFileType = wrapper.framework; path = RxOptional.framework; sourceTree = BUILT_PRODUCTS_DIR; };
		"RxSwift::RxBlocking::Product" /* RxBlocking.framework */ = {isa = PBXFileReference; explicitFileType = wrapper.framework; path = RxBlocking.framework; sourceTree = BUILT_PRODUCTS_DIR; };
		"RxSwift::RxCocoa::Product" /* RxCocoa.framework */ = {isa = PBXFileReference; explicitFileType = wrapper.framework; path = RxCocoa.framework; sourceTree = BUILT_PRODUCTS_DIR; };
		"RxSwift::RxCocoaRuntime::Product" /* RxCocoaRuntime.framework */ = {isa = PBXFileReference; explicitFileType = wrapper.framework; path = RxCocoaRuntime.framework; sourceTree = BUILT_PRODUCTS_DIR; };
		"RxSwift::RxRelay::Product" /* RxRelay.framework */ = {isa = PBXFileReference; explicitFileType = wrapper.framework; path = RxRelay.framework; sourceTree = BUILT_PRODUCTS_DIR; };
		"RxSwift::RxSwift::Product" /* RxSwift.framework */ = {isa = PBXFileReference; explicitFileType = wrapper.framework; path = RxSwift.framework; sourceTree = BUILT_PRODUCTS_DIR; };
		"RxSwift::RxTest::Product" /* RxTest.framework */ = {isa = PBXFileReference; explicitFileType = wrapper.framework; path = RxTest.framework; sourceTree = BUILT_PRODUCTS_DIR; };
/* End PBXFileReference section */

/* Begin PBXFrameworksBuildPhase section */
		OBJ_394 /* Frameworks */ = {
			isa = PBXFrameworksBuildPhase;
			buildActionMask = 0;
			files = (
				OBJ_395 /* RxSwift.framework in Frameworks */,
			);
			runOnlyForDeploymentPostprocessing = 0;
		};
		OBJ_426 /* Frameworks */ = {
			isa = PBXFrameworksBuildPhase;
			buildActionMask = 0;
			files = (
				51D411D5252E7DF4005681AD /* RxBlocking.framework in Frameworks */,
				51D4116E252E75E5005681AD /* RxTest.framework in Frameworks */,
				51D41138252E75C6005681AD /* RxOptional.framework in Frameworks */,
				51D4110D252E75AC005681AD /* RxCocoa.framework in Frameworks */,
				51D4111D252E75B1005681AD /* RxCocoaRuntime.framework in Frameworks */,
				51D41153252E75D5005681AD /* RxRelay.framework in Frameworks */,
				51D410B9252E70C3005681AD /* RxSwift.framework in Frameworks */,
			);
			runOnlyForDeploymentPostprocessing = 0;
		};
		OBJ_594 /* Frameworks */ = {
			isa = PBXFrameworksBuildPhase;
			buildActionMask = 0;
			files = (
				OBJ_595 /* RxCocoaRuntime.framework in Frameworks */,
				OBJ_596 /* RxRelay.framework in Frameworks */,
				OBJ_597 /* RxSwift.framework in Frameworks */,
			);
			runOnlyForDeploymentPostprocessing = 0;
		};
		OBJ_615 /* Frameworks */ = {
			isa = PBXFrameworksBuildPhase;
			buildActionMask = 0;
			files = (
				OBJ_616 /* RxSwift.framework in Frameworks */,
			);
			runOnlyForDeploymentPostprocessing = 0;
		};
		OBJ_629 /* Frameworks */ = {
			isa = PBXFrameworksBuildPhase;
			buildActionMask = 0;
			files = (
				OBJ_630 /* RxCocoa.framework in Frameworks */,
				OBJ_631 /* RxCocoaRuntime.framework in Frameworks */,
				OBJ_632 /* RxRelay.framework in Frameworks */,
				OBJ_633 /* RxSwift.framework in Frameworks */,
			);
			runOnlyForDeploymentPostprocessing = 0;
		};
		OBJ_652 /* Frameworks */ = {
			isa = PBXFrameworksBuildPhase;
			buildActionMask = 0;
			files = (
				OBJ_653 /* RxSwift.framework in Frameworks */,
			);
			runOnlyForDeploymentPostprocessing = 0;
		};
		OBJ_810 /* Frameworks */ = {
			isa = PBXFrameworksBuildPhase;
			buildActionMask = 0;
			files = (
			);
			runOnlyForDeploymentPostprocessing = 0;
		};
		OBJ_836 /* Frameworks */ = {
			isa = PBXFrameworksBuildPhase;
			buildActionMask = 0;
			files = (
				OBJ_837 /* RxSwift.framework in Frameworks */,
			);
			runOnlyForDeploymentPostprocessing = 0;
		};
/* End PBXFrameworksBuildPhase section */

/* Begin PBXGroup section */
		51D4107E252E6FA2005681AD /* Frameworks */ = {
			isa = PBXGroup;
			children = (
				51D4116D252E75E5005681AD /* RxTest.framework */,
				51D41152252E75D5005681AD /* RxRelay.framework */,
				51D41137252E75C6005681AD /* RxOptional.framework */,
				51D4111C252E75B1005681AD /* RxCocoaRuntime.framework */,
				51D4110C252E75AC005681AD /* RxCocoa.framework */,
				51D410E2252E7597005681AD /* RxBlocking.framework */,
				51D41090252E701D005681AD /* RxSwift.framework */,
			);
			name = Frameworks;
			sourceTree = "<group>";
		};
		OBJ_15 /* core */ = {
			isa = PBXGroup;
			children = (
				OBJ_16 /* BluetoothDetector */,
				OBJ_19 /* CBCentralManagerType.swift */,
				OBJ_20 /* CBPeripheralType.swift */,
				OBJ_21 /* ConnectionManager */,
				OBJ_24 /* Operations */,
				OBJ_29 /* RxCentralDelegate.swift */,
				OBJ_30 /* RxPeripheralImpl.swift */,
				OBJ_31 /* RxPeripheralManager.swift */,
				OBJ_32 /* Scanning */,
			);
			path = core;
			sourceTree = "<group>";
		};
		OBJ_16 /* BluetoothDetector */ = {
			isa = PBXGroup;
			children = (
				OBJ_17 /* BluetoothDetector.swift */,
				OBJ_18 /* BluetoothDetectorOptions.swift */,
			);
			path = BluetoothDetector;
			sourceTree = "<group>";
		};
		OBJ_21 /* ConnectionManager */ = {
			isa = PBXGroup;
			children = (
				OBJ_22 /* ConnectionManager.swift */,
				OBJ_23 /* ConnectionManagerOptions.swift */,
			);
			path = ConnectionManager;
			sourceTree = "<group>";
		};
		OBJ_24 /* Operations */ = {
			isa = PBXGroup;
			children = (
				OBJ_25 /* Read.swift */,
				OBJ_26 /* ReadRssi.swift */,
				OBJ_27 /* RegisterNotification.swift */,
				OBJ_28 /* Write.swift */,
			);
			path = Operations;
			sourceTree = "<group>";
		};
		OBJ_32 /* Scanning */ = {
			isa = PBXGroup;
			children = (
				OBJ_33 /* AdvertisementData.swift */,
				OBJ_34 /* CentralScanner.swift */,
			);
			path = Scanning;
			sourceTree = "<group>";
		};
		OBJ_35 /* debug */ = {
			isa = PBXGroup;
			children = (
				OBJ_36 /* RxCBLogger.swift */,
			);
			path = debug;
			sourceTree = "<group>";
		};
		OBJ_360 /* Products */ = {
			isa = PBXGroup;
			children = (
				"RxOptional::RxOptional::Product" /* RxOptional.framework */,
				"RxSwift::RxCocoaRuntime::Product" /* RxCocoaRuntime.framework */,
				"RxSwift::RxSwift::Product" /* RxSwift.framework */,
				"RxSwift::RxCocoa::Product" /* RxCocoa.framework */,
				"RxSwift::RxTest::Product" /* RxTest.framework */,
				"RxSwift::RxBlocking::Product" /* RxBlocking.framework */,
				"RxSwift::RxRelay::Product" /* RxRelay.framework */,
				"RxCBCentral::RxCBCentral::Product" /* RxCBCentral.framework */,
			);
			name = Products;
			sourceTree = BUILT_PRODUCTS_DIR;
		};
		OBJ_37 /* mocks */ = {
			isa = PBXGroup;
			children = (
				OBJ_38 /* Mocks.swift */,
			);
			path = mocks;
			sourceTree = "<group>";
		};
		OBJ_39 /* Tests */ = {
			isa = PBXGroup;
			children = (
				OBJ_40 /* RxCBCentralTests */,
			);
			path = Tests;
			sourceTree = SOURCE_ROOT;
		};
		OBJ_40 /* RxCBCentralTests */ = {
			isa = PBXGroup;
			children = (
				OBJ_41 /* BluetoothDetectorTests.swift */,
				OBJ_42 /* ConnectionManagerTests.swift */,
				OBJ_43 /* RxPeripheralManagerTests.swift */,
				OBJ_44 /* RxPeripheralTests.swift */,
				OBJ_45 /* XCTestManifests.swift */,
			);
			path = RxCBCentralTests;
			sourceTree = "<group>";
		};
		OBJ_5 = {
			isa = PBXGroup;
			children = (
				OBJ_6 /* Package.swift */,
				OBJ_7 /* Sources */,
				OBJ_39 /* Tests */,
				OBJ_360 /* Products */,
				OBJ_371 /* ExampleApp */,
				OBJ_372 /* Cartfile.resolved */,
				OBJ_373 /* CODE_OF_CONDUCT.md */,
				OBJ_374 /* RxCBCentral.podspec */,
				OBJ_375 /* CHANGELOG.md */,
				OBJ_376 /* Cartfile */,
				OBJ_377 /* README.md */,
				OBJ_378 /* CONTRIBUTING.md */,
				OBJ_379 /* LICENSE.txt */,
				51D4107E252E6FA2005681AD /* Frameworks */,
			);
			sourceTree = "<group>";
		};
		OBJ_7 /* Sources */ = {
			isa = PBXGroup;
			children = (
				OBJ_8 /* RxCBCentral */,
			);
			path = Sources;
			sourceTree = SOURCE_ROOT;
		};
		OBJ_8 /* RxCBCentral */ = {
			isa = PBXGroup;
			children = (
				OBJ_9 /* BluetoothDetectorType.swift */,
				OBJ_10 /* ConnectionManagerType.swift */,
				OBJ_11 /* GattOperation.swift */,
				OBJ_12 /* RxPeripheral.swift */,
				OBJ_13 /* RxPeripheralManagerType.swift */,
				OBJ_14 /* ScanMatching.swift */,
				OBJ_15 /* core */,
				OBJ_35 /* debug */,
				OBJ_37 /* mocks */,
			);
			path = RxCBCentral;
			sourceTree = "<group>";
		};
/* End PBXGroup section */

/* Begin PBXHeadersBuildPhase section */
		OBJ_609 /* Headers */ = {
			isa = PBXHeadersBuildPhase;
			buildActionMask = 0;
			files = (
			);
			runOnlyForDeploymentPostprocessing = 0;
		};
/* End PBXHeadersBuildPhase section */

/* Begin PBXNativeTarget section */
		"RxCBCentral::RxCBCentral" /* RxCBCentral */ = {
			isa = PBXNativeTarget;
			buildConfigurationList = OBJ_399 /* Build configuration list for PBXNativeTarget "RxCBCentral" */;
			buildPhases = (
				OBJ_402 /* Sources */,
				OBJ_426 /* Frameworks */,
				51D411D7252E7DF4005681AD /* Embed Frameworks */,
			);
			buildRules = (
			);
			dependencies = (
				51D41082252E6FA2005681AD /* PBXTargetDependency */,
			);
			name = RxCBCentral;
			productName = RxCBCentral;
			productReference = "RxCBCentral::RxCBCentral::Product" /* RxCBCentral.framework */;
			productType = "com.apple.product-type.framework";
		};
		"RxCBCentral::SwiftPMPackageDescription" /* RxCBCentralPackageDescription */ = {
			isa = PBXNativeTarget;
			buildConfigurationList = OBJ_447 /* Build configuration list for PBXNativeTarget "RxCBCentralPackageDescription" */;
			buildPhases = (
				OBJ_450 /* Sources */,
			);
			buildRules = (
			);
			dependencies = (
			);
			name = RxCBCentralPackageDescription;
			productName = RxCBCentralPackageDescription;
			productType = "com.apple.product-type.framework";
		};
		"RxOptional::RxOptional" /* RxOptional */ = {
			isa = PBXNativeTarget;
			buildConfigurationList = OBJ_618 /* Build configuration list for PBXNativeTarget "RxOptional" */;
			buildPhases = (
				OBJ_621 /* Sources */,
				OBJ_629 /* Frameworks */,
			);
			buildRules = (
			);
			dependencies = (
				OBJ_634 /* PBXTargetDependency */,
				OBJ_635 /* PBXTargetDependency */,
				OBJ_636 /* PBXTargetDependency */,
				OBJ_637 /* PBXTargetDependency */,
			);
			name = RxOptional;
			productName = RxOptional;
			productReference = "RxOptional::RxOptional::Product" /* RxOptional.framework */;
			productType = "com.apple.product-type.framework";
		};
		"RxOptional::SwiftPMPackageDescription" /* RxOptionalPackageDescription */ = {
			isa = PBXNativeTarget;
			buildConfigurationList = OBJ_639 /* Build configuration list for PBXNativeTarget "RxOptionalPackageDescription" */;
			buildPhases = (
				OBJ_642 /* Sources */,
			);
			buildRules = (
			);
			dependencies = (
			);
			name = RxOptionalPackageDescription;
			productName = RxOptionalPackageDescription;
			productType = "com.apple.product-type.framework";
		};
		"RxSwift::RxBlocking" /* RxBlocking */ = {
			isa = PBXNativeTarget;
			buildConfigurationList = OBJ_381 /* Build configuration list for PBXNativeTarget "RxBlocking" */;
			buildPhases = (
				OBJ_384 /* Sources */,
				OBJ_394 /* Frameworks */,
			);
			buildRules = (
			);
			dependencies = (
				OBJ_396 /* PBXTargetDependency */,
			);
			name = RxBlocking;
			productName = RxBlocking;
			productReference = "RxSwift::RxBlocking::Product" /* RxBlocking.framework */;
			productType = "com.apple.product-type.framework";
		};
		"RxSwift::RxCocoa" /* RxCocoa */ = {
			isa = PBXNativeTarget;
			buildConfigurationList = OBJ_484 /* Build configuration list for PBXNativeTarget "RxCocoa" */;
			buildPhases = (
				OBJ_487 /* Sources */,
				OBJ_594 /* Frameworks */,
			);
			buildRules = (
			);
			dependencies = (
				OBJ_598 /* PBXTargetDependency */,
				OBJ_599 /* PBXTargetDependency */,
				OBJ_600 /* PBXTargetDependency */,
			);
			name = RxCocoa;
			productName = RxCocoa;
			productReference = "RxSwift::RxCocoa::Product" /* RxCocoa.framework */;
			productType = "com.apple.product-type.framework";
		};
		"RxSwift::RxCocoaRuntime" /* RxCocoaRuntime */ = {
			isa = PBXNativeTarget;
			buildConfigurationList = OBJ_601 /* Build configuration list for PBXNativeTarget "RxCocoaRuntime" */;
			buildPhases = (
				OBJ_604 /* Sources */,
				OBJ_609 /* Headers */,
				OBJ_615 /* Frameworks */,
			);
			buildRules = (
			);
			dependencies = (
				OBJ_617 /* PBXTargetDependency */,
			);
			name = RxCocoaRuntime;
			productName = RxCocoaRuntime;
			productReference = "RxSwift::RxCocoaRuntime::Product" /* RxCocoaRuntime.framework */;
			productType = "com.apple.product-type.framework";
		};
		"RxSwift::RxRelay" /* RxRelay */ = {
			isa = PBXNativeTarget;
			buildConfigurationList = OBJ_644 /* Build configuration list for PBXNativeTarget "RxRelay" */;
			buildPhases = (
				OBJ_647 /* Sources */,
				OBJ_652 /* Frameworks */,
			);
			buildRules = (
			);
			dependencies = (
				OBJ_654 /* PBXTargetDependency */,
			);
			name = RxRelay;
			productName = RxRelay;
			productReference = "RxSwift::RxRelay::Product" /* RxRelay.framework */;
			productType = "com.apple.product-type.framework";
		};
		"RxSwift::RxSwift" /* RxSwift */ = {
			isa = PBXNativeTarget;
			buildConfigurationList = OBJ_655 /* Build configuration list for PBXNativeTarget "RxSwift" */;
			buildPhases = (
				OBJ_658 /* Sources */,
				OBJ_810 /* Frameworks */,
			);
			buildRules = (
			);
			dependencies = (
			);
			name = RxSwift;
			productName = RxSwift;
			productReference = "RxSwift::RxSwift::Product" /* RxSwift.framework */;
			productType = "com.apple.product-type.framework";
		};
		"RxSwift::RxTest" /* RxTest */ = {
			isa = PBXNativeTarget;
			buildConfigurationList = OBJ_817 /* Build configuration list for PBXNativeTarget "RxTest" */;
			buildPhases = (
				OBJ_820 /* Sources */,
				OBJ_836 /* Frameworks */,
			);
			buildRules = (
			);
			dependencies = (
				OBJ_838 /* PBXTargetDependency */,
			);
			name = RxTest;
			productName = RxTest;
			productReference = "RxSwift::RxTest::Product" /* RxTest.framework */;
			productType = "com.apple.product-type.framework";
		};
		"RxSwift::SwiftPMPackageDescription" /* RxSwiftPackageDescription */ = {
			isa = PBXNativeTarget;
			buildConfigurationList = OBJ_812 /* Build configuration list for PBXNativeTarget "RxSwiftPackageDescription" */;
			buildPhases = (
				OBJ_815 /* Sources */,
			);
			buildRules = (
			);
			dependencies = (
			);
			name = RxSwiftPackageDescription;
			productName = RxSwiftPackageDescription;
			productType = "com.apple.product-type.framework";
		};
/* End PBXNativeTarget section */

/* Begin PBXProject section */
		OBJ_1 /* Project object */ = {
			isa = PBXProject;
			attributes = {
				LastSwiftMigration = 9999;
				LastUpgradeCheck = 9999;
				TargetAttributes = {
					"RxCBCentral::RxCBCentral" = {
						ProvisioningStyle = Automatic;
					};
				};
			};
			buildConfigurationList = OBJ_2 /* Build configuration list for PBXProject "RxCBCentral" */;
			compatibilityVersion = "Xcode 8.0";
			developmentRegion = en;
			hasScannedForEncodings = 0;
			knownRegions = (
				en,
			);
			mainGroup = OBJ_5;
			productRefGroup = OBJ_360 /* Products */;
			projectDirPath = "";
			projectRoot = "";
			targets = (
				"RxSwift::RxBlocking" /* RxBlocking */,
				"RxCBCentral::RxCBCentral" /* RxCBCentral */,
				"RxCBCentral::SwiftPMPackageDescription" /* RxCBCentralPackageDescription */,
				"RxCBCentral::RxCBCentralPackageTests::ProductTarget" /* RxCBCentralPackageTests */,
				"RxSwift::RxCocoa" /* RxCocoa */,
				"RxSwift::RxCocoaRuntime" /* RxCocoaRuntime */,
				"RxOptional::RxOptional" /* RxOptional */,
				"RxOptional::SwiftPMPackageDescription" /* RxOptionalPackageDescription */,
				"RxSwift::RxRelay" /* RxRelay */,
				"RxSwift::RxSwift" /* RxSwift */,
				"RxSwift::SwiftPMPackageDescription" /* RxSwiftPackageDescription */,
				"RxSwift::RxTest" /* RxTest */,
			);
		};
/* End PBXProject section */

/* Begin PBXSourcesBuildPhase section */
		OBJ_384 /* Sources */ = {
			isa = PBXSourcesBuildPhase;
			buildActionMask = 0;
			files = (
			);
			runOnlyForDeploymentPostprocessing = 0;
		};
		OBJ_402 /* Sources */ = {
			isa = PBXSourcesBuildPhase;
			buildActionMask = 0;
			files = (
				OBJ_403 /* BluetoothDetectorType.swift in Sources */,
				OBJ_404 /* ConnectionManagerType.swift in Sources */,
				OBJ_405 /* GattOperation.swift in Sources */,
				OBJ_406 /* RxPeripheral.swift in Sources */,
				OBJ_407 /* RxPeripheralManagerType.swift in Sources */,
				OBJ_408 /* ScanMatching.swift in Sources */,
				OBJ_409 /* BluetoothDetector.swift in Sources */,
				OBJ_410 /* BluetoothDetectorOptions.swift in Sources */,
				OBJ_411 /* CBCentralManagerType.swift in Sources */,
				OBJ_412 /* CBPeripheralType.swift in Sources */,
				OBJ_413 /* ConnectionManager.swift in Sources */,
				OBJ_414 /* ConnectionManagerOptions.swift in Sources */,
				OBJ_415 /* Read.swift in Sources */,
				OBJ_416 /* ReadRssi.swift in Sources */,
				OBJ_417 /* RegisterNotification.swift in Sources */,
				OBJ_418 /* Write.swift in Sources */,
				OBJ_419 /* RxCentralDelegate.swift in Sources */,
				OBJ_420 /* RxPeripheralImpl.swift in Sources */,
				OBJ_421 /* RxPeripheralManager.swift in Sources */,
				OBJ_422 /* AdvertisementData.swift in Sources */,
				OBJ_423 /* CentralScanner.swift in Sources */,
				OBJ_424 /* RxCBLogger.swift in Sources */,
				OBJ_425 /* Mocks.swift in Sources */,
			);
			runOnlyForDeploymentPostprocessing = 0;
		};
		OBJ_450 /* Sources */ = {
			isa = PBXSourcesBuildPhase;
			buildActionMask = 0;
			files = (
				OBJ_451 /* Package.swift in Sources */,
			);
			runOnlyForDeploymentPostprocessing = 0;
		};
		OBJ_487 /* Sources */ = {
			isa = PBXSourcesBuildPhase;
			buildActionMask = 0;
			files = (
			);
			runOnlyForDeploymentPostprocessing = 0;
		};
		OBJ_604 /* Sources */ = {
			isa = PBXSourcesBuildPhase;
			buildActionMask = 0;
			files = (
			);
			runOnlyForDeploymentPostprocessing = 0;
		};
		OBJ_621 /* Sources */ = {
			isa = PBXSourcesBuildPhase;
			buildActionMask = 0;
			files = (
			);
			runOnlyForDeploymentPostprocessing = 0;
		};
		OBJ_642 /* Sources */ = {
			isa = PBXSourcesBuildPhase;
			buildActionMask = 0;
			files = (
			);
			runOnlyForDeploymentPostprocessing = 0;
		};
		OBJ_647 /* Sources */ = {
			isa = PBXSourcesBuildPhase;
			buildActionMask = 0;
			files = (
			);
			runOnlyForDeploymentPostprocessing = 0;
		};
		OBJ_658 /* Sources */ = {
			isa = PBXSourcesBuildPhase;
			buildActionMask = 0;
			files = (
			);
			runOnlyForDeploymentPostprocessing = 0;
		};
		OBJ_815 /* Sources */ = {
			isa = PBXSourcesBuildPhase;
			buildActionMask = 0;
			files = (
			);
			runOnlyForDeploymentPostprocessing = 0;
		};
		OBJ_820 /* Sources */ = {
			isa = PBXSourcesBuildPhase;
			buildActionMask = 0;
			files = (
			);
			runOnlyForDeploymentPostprocessing = 0;
		};
/* End PBXSourcesBuildPhase section */

/* Begin PBXTargetDependency section */
		51D41082252E6FA2005681AD /* PBXTargetDependency */ = {
			isa = PBXTargetDependency;
			target = "RxSwift::RxSwift" /* RxSwift */;
			targetProxy = 51D41081252E6FA2005681AD /* PBXContainerItemProxy */;
		};
		OBJ_396 /* PBXTargetDependency */ = {
			isa = PBXTargetDependency;
			target = "RxSwift::RxSwift" /* RxSwift */;
			targetProxy = 518A68EF252E140C00BE6536 /* PBXContainerItemProxy */;
		};
		OBJ_598 /* PBXTargetDependency */ = {
			isa = PBXTargetDependency;
			target = "RxSwift::RxCocoaRuntime" /* RxCocoaRuntime */;
			targetProxy = 518A68F4252E140C00BE6536 /* PBXContainerItemProxy */;
		};
		OBJ_599 /* PBXTargetDependency */ = {
			isa = PBXTargetDependency;
			target = "RxSwift::RxRelay" /* RxRelay */;
			targetProxy = 518A68F6252E140C00BE6536 /* PBXContainerItemProxy */;
		};
		OBJ_600 /* PBXTargetDependency */ = {
			isa = PBXTargetDependency;
			target = "RxSwift::RxSwift" /* RxSwift */;
			targetProxy = 518A68F8252E140C00BE6536 /* PBXContainerItemProxy */;
		};
		OBJ_617 /* PBXTargetDependency */ = {
			isa = PBXTargetDependency;
			target = "RxSwift::RxSwift" /* RxSwift */;
			targetProxy = 518A68F5252E140C00BE6536 /* PBXContainerItemProxy */;
		};
		OBJ_634 /* PBXTargetDependency */ = {
			isa = PBXTargetDependency;
			target = "RxSwift::RxCocoa" /* RxCocoa */;
			targetProxy = 518A68F3252E140C00BE6536 /* PBXContainerItemProxy */;
		};
		OBJ_635 /* PBXTargetDependency */ = {
			isa = PBXTargetDependency;
			target = "RxSwift::RxCocoaRuntime" /* RxCocoaRuntime */;
			targetProxy = 518A68F9252E140C00BE6536 /* PBXContainerItemProxy */;
		};
		OBJ_636 /* PBXTargetDependency */ = {
			isa = PBXTargetDependency;
			target = "RxSwift::RxRelay" /* RxRelay */;
			targetProxy = 518A68FA252E140C00BE6536 /* PBXContainerItemProxy */;
		};
		OBJ_637 /* PBXTargetDependency */ = {
			isa = PBXTargetDependency;
			target = "RxSwift::RxSwift" /* RxSwift */;
			targetProxy = 518A68FB252E140C00BE6536 /* PBXContainerItemProxy */;
		};
		OBJ_654 /* PBXTargetDependency */ = {
			isa = PBXTargetDependency;
			target = "RxSwift::RxSwift" /* RxSwift */;
			targetProxy = 518A68F7252E140C00BE6536 /* PBXContainerItemProxy */;
		};
		OBJ_838 /* PBXTargetDependency */ = {
			isa = PBXTargetDependency;
			target = "RxSwift::RxSwift" /* RxSwift */;
			targetProxy = 518A68F1252E140C00BE6536 /* PBXContainerItemProxy */;
		};
/* End PBXTargetDependency section */

/* Begin XCBuildConfiguration section */
		OBJ_3 /* Debug */ = {
			isa = XCBuildConfiguration;
			buildSettings = {
				CLANG_ENABLE_OBJC_ARC = YES;
				COMBINE_HIDPI_IMAGES = YES;
				COPY_PHASE_STRIP = NO;
				DEBUG_INFORMATION_FORMAT = dwarf;
				DYLIB_INSTALL_NAME_BASE = "@rpath";
				ENABLE_BITCODE = NO;
				ENABLE_NS_ASSERTIONS = YES;
				GCC_OPTIMIZATION_LEVEL = 0;
				GCC_PREPROCESSOR_DEFINITIONS = (
					"$(inherited)",
					"SWIFT_PACKAGE=1",
					"DEBUG=1",
				);
				MACOSX_DEPLOYMENT_TARGET = 10.10;
				ONLY_ACTIVE_ARCH = YES;
				OTHER_SWIFT_FLAGS = "$(inherited) -DXcode";
				PRODUCT_NAME = "$(TARGET_NAME)";
				SDKROOT = iphoneos;
				SUPPORTED_PLATFORMS = "macosx iphoneos iphonesimulator appletvos appletvsimulator watchos watchsimulator";
				SWIFT_ACTIVE_COMPILATION_CONDITIONS = "$(inherited) SWIFT_PACKAGE DEBUG";
				SWIFT_OPTIMIZATION_LEVEL = "-Onone";
				USE_HEADERMAP = NO;
			};
			name = Debug;
		};
		OBJ_382 /* Debug */ = {
			isa = XCBuildConfiguration;
			buildSettings = {
				CODE_SIGN_IDENTITY = "Apple Development";
				DEVELOPMENT_TEAM = J5C646D2T4;
				ENABLE_TESTABILITY = YES;
				FRAMEWORK_SEARCH_PATHS = (
					"$(inherited)",
					"$(PLATFORM_DIR)/Developer/Library/Frameworks",
				);
				HEADER_SEARCH_PATHS = "$(inherited)";
				INFOPLIST_FILE = RxCBCentral.xcodeproj/RxBlocking_Info.plist;
				IPHONEOS_DEPLOYMENT_TARGET = 8.0;
				LD_RUNPATH_SEARCH_PATHS = "$(inherited) $(TOOLCHAIN_DIR)/usr/lib/swift/macosx";
				MACOSX_DEPLOYMENT_TARGET = 10.10;
				OTHER_CFLAGS = "$(inherited)";
				OTHER_LDFLAGS = "$(inherited)";
				OTHER_SWIFT_FLAGS = "$(inherited)";
				PRODUCT_BUNDLE_IDENTIFIER = RxBlocking;
				PRODUCT_MODULE_NAME = "$(TARGET_NAME:c99extidentifier)";
				PRODUCT_NAME = "$(TARGET_NAME:c99extidentifier)";
				SKIP_INSTALL = YES;
				SWIFT_ACTIVE_COMPILATION_CONDITIONS = "$(inherited)";
				SWIFT_VERSION = 5.0;
				TARGET_NAME = RxBlocking;
				TVOS_DEPLOYMENT_TARGET = 9.0;
				WATCHOS_DEPLOYMENT_TARGET = 3.0;
			};
			name = Debug;
		};
		OBJ_383 /* Release */ = {
			isa = XCBuildConfiguration;
			buildSettings = {
				CODE_SIGN_IDENTITY = "Apple Development";
				DEVELOPMENT_TEAM = J5C646D2T4;
				ENABLE_TESTABILITY = YES;
				FRAMEWORK_SEARCH_PATHS = (
					"$(inherited)",
					"$(PLATFORM_DIR)/Developer/Library/Frameworks",
				);
				HEADER_SEARCH_PATHS = "$(inherited)";
				INFOPLIST_FILE = RxCBCentral.xcodeproj/RxBlocking_Info.plist;
				IPHONEOS_DEPLOYMENT_TARGET = 8.0;
				LD_RUNPATH_SEARCH_PATHS = "$(inherited) $(TOOLCHAIN_DIR)/usr/lib/swift/macosx";
				MACOSX_DEPLOYMENT_TARGET = 10.10;
				OTHER_CFLAGS = "$(inherited)";
				OTHER_LDFLAGS = "$(inherited)";
				OTHER_SWIFT_FLAGS = "$(inherited)";
				PRODUCT_BUNDLE_IDENTIFIER = RxBlocking;
				PRODUCT_MODULE_NAME = "$(TARGET_NAME:c99extidentifier)";
				PRODUCT_NAME = "$(TARGET_NAME:c99extidentifier)";
				SKIP_INSTALL = YES;
				SWIFT_ACTIVE_COMPILATION_CONDITIONS = "$(inherited)";
				SWIFT_VERSION = 5.0;
				TARGET_NAME = RxBlocking;
				TVOS_DEPLOYMENT_TARGET = 9.0;
				WATCHOS_DEPLOYMENT_TARGET = 3.0;
			};
			name = Release;
		};
		OBJ_4 /* Release */ = {
			isa = XCBuildConfiguration;
			buildSettings = {
				CLANG_ENABLE_OBJC_ARC = YES;
				COMBINE_HIDPI_IMAGES = YES;
				COPY_PHASE_STRIP = YES;
				DEBUG_INFORMATION_FORMAT = "dwarf-with-dsym";
				DYLIB_INSTALL_NAME_BASE = "@rpath";
				ENABLE_BITCODE = NO;
				GCC_OPTIMIZATION_LEVEL = s;
				GCC_PREPROCESSOR_DEFINITIONS = (
					"$(inherited)",
					"SWIFT_PACKAGE=1",
				);
				MACOSX_DEPLOYMENT_TARGET = 10.10;
				OTHER_SWIFT_FLAGS = "$(inherited) -DXcode";
				PRODUCT_NAME = "$(TARGET_NAME)";
				SDKROOT = iphoneos;
				SUPPORTED_PLATFORMS = "macosx iphoneos iphonesimulator appletvos appletvsimulator watchos watchsimulator";
				SWIFT_ACTIVE_COMPILATION_CONDITIONS = "$(inherited) SWIFT_PACKAGE";
				SWIFT_OPTIMIZATION_LEVEL = "-Owholemodule";
				USE_HEADERMAP = NO;
			};
			name = Release;
		};
		OBJ_400 /* Debug */ = {
			isa = XCBuildConfiguration;
			buildSettings = {
				CODE_SIGN_IDENTITY = "Apple Development";
				CODE_SIGN_STYLE = Automatic;
				DEVELOPMENT_TEAM = J5C646D2T4;
				ENABLE_TESTABILITY = YES;
				FRAMEWORK_SEARCH_PATHS = (
					"$(inherited)",
					"$(PLATFORM_DIR)/Developer/Library/Frameworks",
					"$(PROJECT_DIR)/Carthage/Build/iOS",
				);
				HEADER_SEARCH_PATHS = (
					"$(inherited)",
					"$(SRCROOT)/.build/checkouts/RxSwift/Sources/RxCocoaRuntime/include",
				);
				INFOPLIST_FILE = RxCBCentral.xcodeproj/RxCBCentral_Info.plist;
				IPHONEOS_DEPLOYMENT_TARGET = 10.0;
				LD_RUNPATH_SEARCH_PATHS = "$(inherited) $(TOOLCHAIN_DIR)/usr/lib/swift/macosx";
				MACOSX_DEPLOYMENT_TARGET = 10.13;
				MARKETING_VERSION = 1.0;
				OTHER_CFLAGS = "$(inherited)";
				OTHER_LDFLAGS = "$(inherited)";
				OTHER_SWIFT_FLAGS = "$(inherited)";
				PRODUCT_BUNDLE_IDENTIFIER = RxCBCentral;
				PRODUCT_MODULE_NAME = "$(TARGET_NAME:c99extidentifier)";
				PRODUCT_NAME = "$(TARGET_NAME:c99extidentifier)";
				PROVISIONING_PROFILE_SPECIFIER = "";
				SKIP_INSTALL = YES;
				SWIFT_ACTIVE_COMPILATION_CONDITIONS = "$(inherited)";
				SWIFT_VERSION = 5.0;
				TARGET_NAME = RxCBCentral;
				TVOS_DEPLOYMENT_TARGET = 9.0;
				WATCHOS_DEPLOYMENT_TARGET = 2.0;
			};
			name = Debug;
		};
		OBJ_401 /* Release */ = {
			isa = XCBuildConfiguration;
			buildSettings = {
				CODE_SIGN_IDENTITY = "Apple Development";
				CODE_SIGN_STYLE = Automatic;
				DEVELOPMENT_TEAM = J5C646D2T4;
				ENABLE_TESTABILITY = YES;
				FRAMEWORK_SEARCH_PATHS = (
					"$(inherited)",
					"$(PLATFORM_DIR)/Developer/Library/Frameworks",
					"$(PROJECT_DIR)/Carthage/Build/iOS",
				);
				HEADER_SEARCH_PATHS = (
					"$(inherited)",
					"$(SRCROOT)/.build/checkouts/RxSwift/Sources/RxCocoaRuntime/include",
				);
				INFOPLIST_FILE = RxCBCentral.xcodeproj/RxCBCentral_Info.plist;
				IPHONEOS_DEPLOYMENT_TARGET = 10.0;
				LD_RUNPATH_SEARCH_PATHS = "$(inherited) $(TOOLCHAIN_DIR)/usr/lib/swift/macosx";
				MACOSX_DEPLOYMENT_TARGET = 10.13;
				MARKETING_VERSION = 1.0;
				OTHER_CFLAGS = "$(inherited)";
				OTHER_LDFLAGS = "$(inherited)";
				OTHER_SWIFT_FLAGS = "$(inherited)";
				PRODUCT_BUNDLE_IDENTIFIER = RxCBCentral;
				PRODUCT_MODULE_NAME = "$(TARGET_NAME:c99extidentifier)";
				PRODUCT_NAME = "$(TARGET_NAME:c99extidentifier)";
				PROVISIONING_PROFILE_SPECIFIER = "";
				SKIP_INSTALL = YES;
				SWIFT_ACTIVE_COMPILATION_CONDITIONS = "$(inherited)";
				SWIFT_VERSION = 5.0;
				TARGET_NAME = RxCBCentral;
				TVOS_DEPLOYMENT_TARGET = 9.0;
				WATCHOS_DEPLOYMENT_TARGET = 2.0;
			};
			name = Release;
		};
		OBJ_448 /* Debug */ = {
			isa = XCBuildConfiguration;
			buildSettings = {
				CODE_SIGN_IDENTITY = "Apple Development";
				DEVELOPMENT_TEAM = J5C646D2T4;
				LD = /usr/bin/true;
				OTHER_SWIFT_FLAGS = "-swift-version 5 -I $(TOOLCHAIN_DIR)/usr/lib/swift/pm/4_2 -target x86_64-apple-macosx10.10 -sdk /Applications/Xcode.11.2.1.11B500.app/Contents/Developer/Platforms/MacOSX.platform/Developer/SDKs/MacOSX10.15.sdk -package-description-version 5.1";
				SWIFT_VERSION = 5.0;
			};
			name = Debug;
		};
		OBJ_449 /* Release */ = {
			isa = XCBuildConfiguration;
			buildSettings = {
				CODE_SIGN_IDENTITY = "Apple Development";
				DEVELOPMENT_TEAM = J5C646D2T4;
				LD = /usr/bin/true;
				OTHER_SWIFT_FLAGS = "-swift-version 5 -I $(TOOLCHAIN_DIR)/usr/lib/swift/pm/4_2 -target x86_64-apple-macosx10.10 -sdk /Applications/Xcode.11.2.1.11B500.app/Contents/Developer/Platforms/MacOSX.platform/Developer/SDKs/MacOSX10.15.sdk -package-description-version 5.1";
				SWIFT_VERSION = 5.0;
			};
			name = Release;
		};
		OBJ_454 /* Debug */ = {
			isa = XCBuildConfiguration;
			buildSettings = {
			};
			name = Debug;
		};
		OBJ_455 /* Release */ = {
			isa = XCBuildConfiguration;
			buildSettings = {
			};
			name = Release;
		};
		OBJ_485 /* Debug */ = {
			isa = XCBuildConfiguration;
			buildSettings = {
				CODE_SIGN_IDENTITY = "Apple Development";
				DEVELOPMENT_TEAM = J5C646D2T4;
				ENABLE_TESTABILITY = YES;
				FRAMEWORK_SEARCH_PATHS = (
					"$(inherited)",
					"$(PLATFORM_DIR)/Developer/Library/Frameworks",
				);
				HEADER_SEARCH_PATHS = (
					"$(inherited)",
					"$(SRCROOT)/.build/checkouts/RxSwift/Sources/RxCocoaRuntime/include",
				);
				INFOPLIST_FILE = RxCBCentral.xcodeproj/RxCocoa_Info.plist;
				IPHONEOS_DEPLOYMENT_TARGET = 8.0;
				LD_RUNPATH_SEARCH_PATHS = "$(inherited) $(TOOLCHAIN_DIR)/usr/lib/swift/macosx";
				MACOSX_DEPLOYMENT_TARGET = 10.10;
				OTHER_CFLAGS = "$(inherited)";
				OTHER_LDFLAGS = "$(inherited)";
				OTHER_SWIFT_FLAGS = "$(inherited)";
				PRODUCT_BUNDLE_IDENTIFIER = RxCocoa;
				PRODUCT_MODULE_NAME = "$(TARGET_NAME:c99extidentifier)";
				PRODUCT_NAME = "$(TARGET_NAME:c99extidentifier)";
				SKIP_INSTALL = YES;
				SWIFT_ACTIVE_COMPILATION_CONDITIONS = "$(inherited)";
				SWIFT_VERSION = 5.0;
				TARGET_NAME = RxCocoa;
				TVOS_DEPLOYMENT_TARGET = 9.0;
				WATCHOS_DEPLOYMENT_TARGET = 3.0;
			};
			name = Debug;
		};
		OBJ_486 /* Release */ = {
			isa = XCBuildConfiguration;
			buildSettings = {
				CODE_SIGN_IDENTITY = "Apple Development";
				DEVELOPMENT_TEAM = J5C646D2T4;
				ENABLE_TESTABILITY = YES;
				FRAMEWORK_SEARCH_PATHS = (
					"$(inherited)",
					"$(PLATFORM_DIR)/Developer/Library/Frameworks",
				);
				HEADER_SEARCH_PATHS = (
					"$(inherited)",
					"$(SRCROOT)/.build/checkouts/RxSwift/Sources/RxCocoaRuntime/include",
				);
				INFOPLIST_FILE = RxCBCentral.xcodeproj/RxCocoa_Info.plist;
				IPHONEOS_DEPLOYMENT_TARGET = 8.0;
				LD_RUNPATH_SEARCH_PATHS = "$(inherited) $(TOOLCHAIN_DIR)/usr/lib/swift/macosx";
				MACOSX_DEPLOYMENT_TARGET = 10.10;
				OTHER_CFLAGS = "$(inherited)";
				OTHER_LDFLAGS = "$(inherited)";
				OTHER_SWIFT_FLAGS = "$(inherited)";
				PRODUCT_BUNDLE_IDENTIFIER = RxCocoa;
				PRODUCT_MODULE_NAME = "$(TARGET_NAME:c99extidentifier)";
				PRODUCT_NAME = "$(TARGET_NAME:c99extidentifier)";
				SKIP_INSTALL = YES;
				SWIFT_ACTIVE_COMPILATION_CONDITIONS = "$(inherited)";
				SWIFT_VERSION = 5.0;
				TARGET_NAME = RxCocoa;
				TVOS_DEPLOYMENT_TARGET = 9.0;
				WATCHOS_DEPLOYMENT_TARGET = 3.0;
			};
			name = Release;
		};
		OBJ_602 /* Debug */ = {
			isa = XCBuildConfiguration;
			buildSettings = {
				CLANG_ENABLE_MODULES = YES;
				CODE_SIGN_IDENTITY = "Apple Development";
				DEFINES_MODULE = YES;
				DEVELOPMENT_TEAM = J5C646D2T4;
				ENABLE_TESTABILITY = YES;
				FRAMEWORK_SEARCH_PATHS = (
					"$(inherited)",
					"$(PLATFORM_DIR)/Developer/Library/Frameworks",
				);
				HEADER_SEARCH_PATHS = (
					"$(inherited)",
					"$(SRCROOT)/.build/checkouts/RxSwift/Sources/RxCocoaRuntime/include",
				);
				INFOPLIST_FILE = RxCBCentral.xcodeproj/RxCocoaRuntime_Info.plist;
				IPHONEOS_DEPLOYMENT_TARGET = 8.0;
				LD_RUNPATH_SEARCH_PATHS = "$(inherited) $(TOOLCHAIN_DIR)/usr/lib/swift/macosx";
				MACOSX_DEPLOYMENT_TARGET = 10.10;
				OTHER_CFLAGS = "$(inherited)";
				OTHER_LDFLAGS = "$(inherited)";
				OTHER_SWIFT_FLAGS = "$(inherited)";
				PRODUCT_BUNDLE_IDENTIFIER = RxCocoaRuntime;
				PRODUCT_MODULE_NAME = "$(TARGET_NAME:c99extidentifier)";
				PRODUCT_NAME = "$(TARGET_NAME:c99extidentifier)";
				SKIP_INSTALL = YES;
				SWIFT_ACTIVE_COMPILATION_CONDITIONS = "$(inherited)";
				TARGET_NAME = RxCocoaRuntime;
				TVOS_DEPLOYMENT_TARGET = 9.0;
				WATCHOS_DEPLOYMENT_TARGET = 3.0;
			};
			name = Debug;
		};
		OBJ_603 /* Release */ = {
			isa = XCBuildConfiguration;
			buildSettings = {
				CLANG_ENABLE_MODULES = YES;
				CODE_SIGN_IDENTITY = "Apple Development";
				DEFINES_MODULE = YES;
				DEVELOPMENT_TEAM = J5C646D2T4;
				ENABLE_TESTABILITY = YES;
				FRAMEWORK_SEARCH_PATHS = (
					"$(inherited)",
					"$(PLATFORM_DIR)/Developer/Library/Frameworks",
				);
				HEADER_SEARCH_PATHS = (
					"$(inherited)",
					"$(SRCROOT)/.build/checkouts/RxSwift/Sources/RxCocoaRuntime/include",
				);
				INFOPLIST_FILE = RxCBCentral.xcodeproj/RxCocoaRuntime_Info.plist;
				IPHONEOS_DEPLOYMENT_TARGET = 8.0;
				LD_RUNPATH_SEARCH_PATHS = "$(inherited) $(TOOLCHAIN_DIR)/usr/lib/swift/macosx";
				MACOSX_DEPLOYMENT_TARGET = 10.10;
				OTHER_CFLAGS = "$(inherited)";
				OTHER_LDFLAGS = "$(inherited)";
				OTHER_SWIFT_FLAGS = "$(inherited)";
				PRODUCT_BUNDLE_IDENTIFIER = RxCocoaRuntime;
				PRODUCT_MODULE_NAME = "$(TARGET_NAME:c99extidentifier)";
				PRODUCT_NAME = "$(TARGET_NAME:c99extidentifier)";
				SKIP_INSTALL = YES;
				SWIFT_ACTIVE_COMPILATION_CONDITIONS = "$(inherited)";
				TARGET_NAME = RxCocoaRuntime;
				TVOS_DEPLOYMENT_TARGET = 9.0;
				WATCHOS_DEPLOYMENT_TARGET = 3.0;
			};
			name = Release;
		};
		OBJ_619 /* Debug */ = {
			isa = XCBuildConfiguration;
			buildSettings = {
				CODE_SIGN_IDENTITY = "Apple Development";
				DEVELOPMENT_TEAM = J5C646D2T4;
				ENABLE_TESTABILITY = YES;
				FRAMEWORK_SEARCH_PATHS = (
					"$(inherited)",
					"$(PLATFORM_DIR)/Developer/Library/Frameworks",
				);
				HEADER_SEARCH_PATHS = (
					"$(inherited)",
					"$(SRCROOT)/.build/checkouts/RxSwift/Sources/RxCocoaRuntime/include",
				);
				INFOPLIST_FILE = RxCBCentral.xcodeproj/RxOptional_Info.plist;
				IPHONEOS_DEPLOYMENT_TARGET = 9.0;
				LD_RUNPATH_SEARCH_PATHS = "$(inherited) $(TOOLCHAIN_DIR)/usr/lib/swift/macosx";
				MACOSX_DEPLOYMENT_TARGET = 10.10;
				OTHER_CFLAGS = "$(inherited)";
				OTHER_LDFLAGS = "$(inherited)";
				OTHER_SWIFT_FLAGS = "$(inherited)";
				PRODUCT_BUNDLE_IDENTIFIER = RxOptional;
				PRODUCT_MODULE_NAME = "$(TARGET_NAME:c99extidentifier)";
				PRODUCT_NAME = "$(TARGET_NAME:c99extidentifier)";
				SKIP_INSTALL = YES;
				SWIFT_ACTIVE_COMPILATION_CONDITIONS = "$(inherited)";
				SWIFT_VERSION = 5.0;
				TARGET_NAME = RxOptional;
				TVOS_DEPLOYMENT_TARGET = 9.0;
				WATCHOS_DEPLOYMENT_TARGET = 3.0;
			};
			name = Debug;
		};
		OBJ_620 /* Release */ = {
			isa = XCBuildConfiguration;
			buildSettings = {
				CODE_SIGN_IDENTITY = "Apple Development";
				DEVELOPMENT_TEAM = J5C646D2T4;
				ENABLE_TESTABILITY = YES;
				FRAMEWORK_SEARCH_PATHS = (
					"$(inherited)",
					"$(PLATFORM_DIR)/Developer/Library/Frameworks",
				);
				HEADER_SEARCH_PATHS = (
					"$(inherited)",
					"$(SRCROOT)/.build/checkouts/RxSwift/Sources/RxCocoaRuntime/include",
				);
				INFOPLIST_FILE = RxCBCentral.xcodeproj/RxOptional_Info.plist;
				IPHONEOS_DEPLOYMENT_TARGET = 9.0;
				LD_RUNPATH_SEARCH_PATHS = "$(inherited) $(TOOLCHAIN_DIR)/usr/lib/swift/macosx";
				MACOSX_DEPLOYMENT_TARGET = 10.10;
				OTHER_CFLAGS = "$(inherited)";
				OTHER_LDFLAGS = "$(inherited)";
				OTHER_SWIFT_FLAGS = "$(inherited)";
				PRODUCT_BUNDLE_IDENTIFIER = RxOptional;
				PRODUCT_MODULE_NAME = "$(TARGET_NAME:c99extidentifier)";
				PRODUCT_NAME = "$(TARGET_NAME:c99extidentifier)";
				SKIP_INSTALL = YES;
				SWIFT_ACTIVE_COMPILATION_CONDITIONS = "$(inherited)";
				SWIFT_VERSION = 5.0;
				TARGET_NAME = RxOptional;
				TVOS_DEPLOYMENT_TARGET = 9.0;
				WATCHOS_DEPLOYMENT_TARGET = 3.0;
			};
			name = Release;
		};
		OBJ_640 /* Debug */ = {
			isa = XCBuildConfiguration;
			buildSettings = {
				CODE_SIGN_IDENTITY = "Apple Development";
				DEVELOPMENT_TEAM = J5C646D2T4;
				LD = /usr/bin/true;
				OTHER_SWIFT_FLAGS = "-swift-version 5 -I $(TOOLCHAIN_DIR)/usr/lib/swift/pm/4_2 -target x86_64-apple-macosx10.10 -sdk /Applications/Xcode.11.2.1.11B500.app/Contents/Developer/Platforms/MacOSX.platform/Developer/SDKs/MacOSX10.15.sdk -package-description-version 5";
				SWIFT_VERSION = 5.0;
			};
			name = Debug;
		};
		OBJ_641 /* Release */ = {
			isa = XCBuildConfiguration;
			buildSettings = {
				CODE_SIGN_IDENTITY = "Apple Development";
				DEVELOPMENT_TEAM = J5C646D2T4;
				LD = /usr/bin/true;
				OTHER_SWIFT_FLAGS = "-swift-version 5 -I $(TOOLCHAIN_DIR)/usr/lib/swift/pm/4_2 -target x86_64-apple-macosx10.10 -sdk /Applications/Xcode.11.2.1.11B500.app/Contents/Developer/Platforms/MacOSX.platform/Developer/SDKs/MacOSX10.15.sdk -package-description-version 5";
				SWIFT_VERSION = 5.0;
			};
			name = Release;
		};
		OBJ_645 /* Debug */ = {
			isa = XCBuildConfiguration;
			buildSettings = {
				CODE_SIGN_IDENTITY = "Apple Development";
				DEVELOPMENT_TEAM = J5C646D2T4;
				ENABLE_TESTABILITY = YES;
				FRAMEWORK_SEARCH_PATHS = (
					"$(inherited)",
					"$(PLATFORM_DIR)/Developer/Library/Frameworks",
				);
				HEADER_SEARCH_PATHS = "$(inherited)";
				INFOPLIST_FILE = RxCBCentral.xcodeproj/RxRelay_Info.plist;
				IPHONEOS_DEPLOYMENT_TARGET = 8.0;
				LD_RUNPATH_SEARCH_PATHS = "$(inherited) $(TOOLCHAIN_DIR)/usr/lib/swift/macosx";
				MACOSX_DEPLOYMENT_TARGET = 10.10;
				OTHER_CFLAGS = "$(inherited)";
				OTHER_LDFLAGS = "$(inherited)";
				OTHER_SWIFT_FLAGS = "$(inherited)";
				PRODUCT_BUNDLE_IDENTIFIER = RxRelay;
				PRODUCT_MODULE_NAME = "$(TARGET_NAME:c99extidentifier)";
				PRODUCT_NAME = "$(TARGET_NAME:c99extidentifier)";
				SKIP_INSTALL = YES;
				SWIFT_ACTIVE_COMPILATION_CONDITIONS = "$(inherited)";
				SWIFT_VERSION = 5.0;
				TARGET_NAME = RxRelay;
				TVOS_DEPLOYMENT_TARGET = 9.0;
				WATCHOS_DEPLOYMENT_TARGET = 3.0;
			};
			name = Debug;
		};
		OBJ_646 /* Release */ = {
			isa = XCBuildConfiguration;
			buildSettings = {
				CODE_SIGN_IDENTITY = "Apple Development";
				DEVELOPMENT_TEAM = J5C646D2T4;
				ENABLE_TESTABILITY = YES;
				FRAMEWORK_SEARCH_PATHS = (
					"$(inherited)",
					"$(PLATFORM_DIR)/Developer/Library/Frameworks",
				);
				HEADER_SEARCH_PATHS = "$(inherited)";
				INFOPLIST_FILE = RxCBCentral.xcodeproj/RxRelay_Info.plist;
				IPHONEOS_DEPLOYMENT_TARGET = 8.0;
				LD_RUNPATH_SEARCH_PATHS = "$(inherited) $(TOOLCHAIN_DIR)/usr/lib/swift/macosx";
				MACOSX_DEPLOYMENT_TARGET = 10.10;
				OTHER_CFLAGS = "$(inherited)";
				OTHER_LDFLAGS = "$(inherited)";
				OTHER_SWIFT_FLAGS = "$(inherited)";
				PRODUCT_BUNDLE_IDENTIFIER = RxRelay;
				PRODUCT_MODULE_NAME = "$(TARGET_NAME:c99extidentifier)";
				PRODUCT_NAME = "$(TARGET_NAME:c99extidentifier)";
				SKIP_INSTALL = YES;
				SWIFT_ACTIVE_COMPILATION_CONDITIONS = "$(inherited)";
				SWIFT_VERSION = 5.0;
				TARGET_NAME = RxRelay;
				TVOS_DEPLOYMENT_TARGET = 9.0;
				WATCHOS_DEPLOYMENT_TARGET = 3.0;
			};
			name = Release;
		};
		OBJ_656 /* Debug */ = {
			isa = XCBuildConfiguration;
			buildSettings = {
				CODE_SIGN_IDENTITY = "Apple Development";
				DEVELOPMENT_TEAM = J5C646D2T4;
				ENABLE_TESTABILITY = YES;
				FRAMEWORK_SEARCH_PATHS = (
					"$(inherited)",
					"$(PLATFORM_DIR)/Developer/Library/Frameworks",
				);
				HEADER_SEARCH_PATHS = "$(inherited)";
				INFOPLIST_FILE = RxCBCentral.xcodeproj/RxSwift_Info.plist;
				IPHONEOS_DEPLOYMENT_TARGET = 8.0;
				LD_RUNPATH_SEARCH_PATHS = "$(inherited) $(TOOLCHAIN_DIR)/usr/lib/swift/macosx";
				MACOSX_DEPLOYMENT_TARGET = 10.10;
				OTHER_CFLAGS = "$(inherited)";
				OTHER_LDFLAGS = "$(inherited)";
				OTHER_SWIFT_FLAGS = "$(inherited)";
				PRODUCT_BUNDLE_IDENTIFIER = RxSwift;
				PRODUCT_MODULE_NAME = "$(TARGET_NAME:c99extidentifier)";
				PRODUCT_NAME = "$(TARGET_NAME:c99extidentifier)";
				SKIP_INSTALL = YES;
				SWIFT_ACTIVE_COMPILATION_CONDITIONS = "$(inherited)";
				SWIFT_VERSION = 5.0;
				TARGET_NAME = RxSwift;
				TVOS_DEPLOYMENT_TARGET = 9.0;
				WATCHOS_DEPLOYMENT_TARGET = 3.0;
			};
			name = Debug;
		};
		OBJ_657 /* Release */ = {
			isa = XCBuildConfiguration;
			buildSettings = {
				CODE_SIGN_IDENTITY = "Apple Development";
				DEVELOPMENT_TEAM = J5C646D2T4;
				ENABLE_TESTABILITY = YES;
				FRAMEWORK_SEARCH_PATHS = (
					"$(inherited)",
					"$(PLATFORM_DIR)/Developer/Library/Frameworks",
				);
				HEADER_SEARCH_PATHS = "$(inherited)";
				INFOPLIST_FILE = RxCBCentral.xcodeproj/RxSwift_Info.plist;
				IPHONEOS_DEPLOYMENT_TARGET = 8.0;
				LD_RUNPATH_SEARCH_PATHS = "$(inherited) $(TOOLCHAIN_DIR)/usr/lib/swift/macosx";
				MACOSX_DEPLOYMENT_TARGET = 10.10;
				OTHER_CFLAGS = "$(inherited)";
				OTHER_LDFLAGS = "$(inherited)";
				OTHER_SWIFT_FLAGS = "$(inherited)";
				PRODUCT_BUNDLE_IDENTIFIER = RxSwift;
				PRODUCT_MODULE_NAME = "$(TARGET_NAME:c99extidentifier)";
				PRODUCT_NAME = "$(TARGET_NAME:c99extidentifier)";
				SKIP_INSTALL = YES;
				SWIFT_ACTIVE_COMPILATION_CONDITIONS = "$(inherited)";
				SWIFT_VERSION = 5.0;
				TARGET_NAME = RxSwift;
				TVOS_DEPLOYMENT_TARGET = 9.0;
				WATCHOS_DEPLOYMENT_TARGET = 3.0;
			};
			name = Release;
		};
		OBJ_813 /* Debug */ = {
			isa = XCBuildConfiguration;
			buildSettings = {
				CODE_SIGN_IDENTITY = "Apple Development";
				DEVELOPMENT_TEAM = J5C646D2T4;
				LD = /usr/bin/true;
				OTHER_SWIFT_FLAGS = "-swift-version 5 -I $(TOOLCHAIN_DIR)/usr/lib/swift/pm/4_2 -target x86_64-apple-macosx10.10 -sdk /Applications/Xcode.11.2.1.11B500.app/Contents/Developer/Platforms/MacOSX.platform/Developer/SDKs/MacOSX10.15.sdk -package-description-version 5";
				SWIFT_VERSION = 5.0;
			};
			name = Debug;
		};
		OBJ_814 /* Release */ = {
			isa = XCBuildConfiguration;
			buildSettings = {
				CODE_SIGN_IDENTITY = "Apple Development";
				DEVELOPMENT_TEAM = J5C646D2T4;
				LD = /usr/bin/true;
				OTHER_SWIFT_FLAGS = "-swift-version 5 -I $(TOOLCHAIN_DIR)/usr/lib/swift/pm/4_2 -target x86_64-apple-macosx10.10 -sdk /Applications/Xcode.11.2.1.11B500.app/Contents/Developer/Platforms/MacOSX.platform/Developer/SDKs/MacOSX10.15.sdk -package-description-version 5";
				SWIFT_VERSION = 5.0;
			};
			name = Release;
		};
		OBJ_818 /* Debug */ = {
			isa = XCBuildConfiguration;
			buildSettings = {
				CODE_SIGN_IDENTITY = "Apple Development";
				DEVELOPMENT_TEAM = J5C646D2T4;
				ENABLE_TESTABILITY = YES;
				FRAMEWORK_SEARCH_PATHS = (
					"$(inherited)",
					"$(PLATFORM_DIR)/Developer/Library/Frameworks",
				);
				HEADER_SEARCH_PATHS = "$(inherited)";
				INFOPLIST_FILE = RxCBCentral.xcodeproj/RxTest_Info.plist;
				IPHONEOS_DEPLOYMENT_TARGET = 8.0;
				LD_RUNPATH_SEARCH_PATHS = "$(inherited) $(TOOLCHAIN_DIR)/usr/lib/swift/macosx";
				MACOSX_DEPLOYMENT_TARGET = 10.10;
				OTHER_CFLAGS = "$(inherited)";
				OTHER_LDFLAGS = "$(inherited)";
				OTHER_SWIFT_FLAGS = "$(inherited)";
				PRODUCT_BUNDLE_IDENTIFIER = RxTest;
				PRODUCT_MODULE_NAME = "$(TARGET_NAME:c99extidentifier)";
				PRODUCT_NAME = "$(TARGET_NAME:c99extidentifier)";
				SKIP_INSTALL = YES;
				SWIFT_ACTIVE_COMPILATION_CONDITIONS = "$(inherited)";
				SWIFT_VERSION = 5.0;
				TARGET_NAME = RxTest;
				TVOS_DEPLOYMENT_TARGET = 9.0;
				WATCHOS_DEPLOYMENT_TARGET = 3.0;
			};
			name = Debug;
		};
		OBJ_819 /* Release */ = {
			isa = XCBuildConfiguration;
			buildSettings = {
				CODE_SIGN_IDENTITY = "Apple Development";
				DEVELOPMENT_TEAM = J5C646D2T4;
				ENABLE_TESTABILITY = YES;
				FRAMEWORK_SEARCH_PATHS = (
					"$(inherited)",
					"$(PLATFORM_DIR)/Developer/Library/Frameworks",
				);
				HEADER_SEARCH_PATHS = "$(inherited)";
				INFOPLIST_FILE = RxCBCentral.xcodeproj/RxTest_Info.plist;
				IPHONEOS_DEPLOYMENT_TARGET = 8.0;
				LD_RUNPATH_SEARCH_PATHS = "$(inherited) $(TOOLCHAIN_DIR)/usr/lib/swift/macosx";
				MACOSX_DEPLOYMENT_TARGET = 10.10;
				OTHER_CFLAGS = "$(inherited)";
				OTHER_LDFLAGS = "$(inherited)";
				OTHER_SWIFT_FLAGS = "$(inherited)";
				PRODUCT_BUNDLE_IDENTIFIER = RxTest;
				PRODUCT_MODULE_NAME = "$(TARGET_NAME:c99extidentifier)";
				PRODUCT_NAME = "$(TARGET_NAME:c99extidentifier)";
				SKIP_INSTALL = YES;
				SWIFT_ACTIVE_COMPILATION_CONDITIONS = "$(inherited)";
				SWIFT_VERSION = 5.0;
				TARGET_NAME = RxTest;
				TVOS_DEPLOYMENT_TARGET = 9.0;
				WATCHOS_DEPLOYMENT_TARGET = 3.0;
			};
			name = Release;
		};
/* End XCBuildConfiguration section */

/* Begin XCConfigurationList section */
		OBJ_2 /* Build configuration list for PBXProject "RxCBCentral" */ = {
			isa = XCConfigurationList;
			buildConfigurations = (
				OBJ_3 /* Debug */,
				OBJ_4 /* Release */,
			);
			defaultConfigurationIsVisible = 0;
			defaultConfigurationName = Release;
		};
		OBJ_381 /* Build configuration list for PBXNativeTarget "RxBlocking" */ = {
			isa = XCConfigurationList;
			buildConfigurations = (
				OBJ_382 /* Debug */,
				OBJ_383 /* Release */,
			);
			defaultConfigurationIsVisible = 0;
			defaultConfigurationName = Release;
		};
		OBJ_399 /* Build configuration list for PBXNativeTarget "RxCBCentral" */ = {
			isa = XCConfigurationList;
			buildConfigurations = (
				OBJ_400 /* Debug */,
				OBJ_401 /* Release */,
			);
			defaultConfigurationIsVisible = 0;
			defaultConfigurationName = Release;
		};
		OBJ_447 /* Build configuration list for PBXNativeTarget "RxCBCentralPackageDescription" */ = {
			isa = XCConfigurationList;
			buildConfigurations = (
				OBJ_448 /* Debug */,
				OBJ_449 /* Release */,
			);
			defaultConfigurationIsVisible = 0;
			defaultConfigurationName = Release;
		};
		OBJ_453 /* Build configuration list for PBXAggregateTarget "RxCBCentralPackageTests" */ = {
			isa = XCConfigurationList;
			buildConfigurations = (
				OBJ_454 /* Debug */,
				OBJ_455 /* Release */,
			);
			defaultConfigurationIsVisible = 0;
			defaultConfigurationName = Release;
		};
		OBJ_484 /* Build configuration list for PBXNativeTarget "RxCocoa" */ = {
			isa = XCConfigurationList;
			buildConfigurations = (
				OBJ_485 /* Debug */,
				OBJ_486 /* Release */,
			);
			defaultConfigurationIsVisible = 0;
			defaultConfigurationName = Release;
		};
		OBJ_601 /* Build configuration list for PBXNativeTarget "RxCocoaRuntime" */ = {
			isa = XCConfigurationList;
			buildConfigurations = (
				OBJ_602 /* Debug */,
				OBJ_603 /* Release */,
			);
			defaultConfigurationIsVisible = 0;
			defaultConfigurationName = Release;
		};
		OBJ_618 /* Build configuration list for PBXNativeTarget "RxOptional" */ = {
			isa = XCConfigurationList;
			buildConfigurations = (
				OBJ_619 /* Debug */,
				OBJ_620 /* Release */,
			);
			defaultConfigurationIsVisible = 0;
			defaultConfigurationName = Release;
		};
		OBJ_639 /* Build configuration list for PBXNativeTarget "RxOptionalPackageDescription" */ = {
			isa = XCConfigurationList;
			buildConfigurations = (
				OBJ_640 /* Debug */,
				OBJ_641 /* Release */,
			);
			defaultConfigurationIsVisible = 0;
			defaultConfigurationName = Release;
		};
		OBJ_644 /* Build configuration list for PBXNativeTarget "RxRelay" */ = {
			isa = XCConfigurationList;
			buildConfigurations = (
				OBJ_645 /* Debug */,
				OBJ_646 /* Release */,
			);
			defaultConfigurationIsVisible = 0;
			defaultConfigurationName = Release;
		};
		OBJ_655 /* Build configuration list for PBXNativeTarget "RxSwift" */ = {
			isa = XCConfigurationList;
			buildConfigurations = (
				OBJ_656 /* Debug */,
				OBJ_657 /* Release */,
			);
			defaultConfigurationIsVisible = 0;
			defaultConfigurationName = Release;
		};
		OBJ_812 /* Build configuration list for PBXNativeTarget "RxSwiftPackageDescription" */ = {
			isa = XCConfigurationList;
			buildConfigurations = (
				OBJ_813 /* Debug */,
				OBJ_814 /* Release */,
			);
			defaultConfigurationIsVisible = 0;
			defaultConfigurationName = Release;
		};
		OBJ_817 /* Build configuration list for PBXNativeTarget "RxTest" */ = {
			isa = XCConfigurationList;
			buildConfigurations = (
				OBJ_818 /* Debug */,
				OBJ_819 /* Release */,
			);
			defaultConfigurationIsVisible = 0;
			defaultConfigurationName = Release;
		};
/* End XCConfigurationList section */
	};
	rootObject = OBJ_1 /* Project object */;
}
